
Microsoft Visual Studio Solution File, Format Version 12.00
# Visual Studio Version 16
VisualStudioVersion = 16.0.33927.289
MinimumVisualStudioVersion = 10.0.40219.1
Project("{FAE04EC0-301F-11D3-BF4B-00C04F79EFBC}") = "WebSach", "WebSach\WebSach.csproj", "{D41B2145-AFEF-482B-8EC0-1BB492FB218D}"
EndProject
Global
	GlobalSection(SolutionConfigurationPlatforms) = preSolution
		Debug|Any CPU = Debug|Any CPU
		Release|Any CPU = Release|Any CPU
	EndGlobalSection
	GlobalSection(ProjectConfigurationPlatforms) = postSolution
		{D41B2145-AFEF-482B-8EC0-1BB492FB218D}.Debug|Any CPU.ActiveCfg = Debug|Any CPU
		{D41B2145-AFEF-482B-8EC0-1BB492FB218D}.Debug|Any CPU.Build.0 = Debug|Any CPU
		{D41B2145-AFEF-482B-8EC0-1BB492FB218D}.Release|Any CPU.ActiveCfg = Release|Any CPU
		{D41B2145-AFEF-482B-8EC0-1BB492FB218D}.Release|Any CPU.Build.0 = Release|Any CPU
	EndGlobalSection
	GlobalSection(SolutionProperties) = preSolution
		HideSolutionNode = FALSE
	EndGlobalSection
	GlobalSection(ExtensibilityGlobals) = postSolution
		SolutionGuid = {AECDC144-4972-48A3-AA32-92FFAC524EDD}
	EndGlobalSection
EndGlobal
